
Microsoft Visual Studio Solution File, Format Version 12.00
# Visual Studio Version 16
VisualStudioVersion = 16.0.29324.140
MinimumVisualStudioVersion = 10.0.40219.1
Project("{FAE04EC0-301F-11D3-BF4B-00C04F79EFBC}") = "RomSorter", "RomSorter.csproj", "{084A1178-B4A9-4792-A570-931FAE769426}"
EndProject
Global
	GlobalSection(SolutionConfigurationPlatforms) = preSolution
		Debug|Any CPU = Debug|Any CPU
		Release|Any CPU = Release|Any CPU
	EndGlobalSection
	GlobalSection(ProjectConfigurationPlatforms) = postSolution
		{084A1178-B4A9-4792-A570-931FAE769426}.Debug|Any CPU.ActiveCfg = Debug|Any CPU
		{084A1178-B4A9-4792-A570-931FAE769426}.Debug|Any CPU.Build.0 = Debug|Any CPU
		{084A1178-B4A9-4792-A570-931FAE769426}.Release|Any CPU.ActiveCfg = Release|Any CPU
		{084A1178-B4A9-4792-A570-931FAE769426}.Release|Any CPU.Build.0 = Release|Any CPU
	EndGlobalSection
	GlobalSection(SolutionProperties) = preSolution
		HideSolutionNode = FALSE
	EndGlobalSection
	GlobalSection(ExtensibilityGlobals) = postSolution
		SolutionGuid = {D657B919-8840-457F-BDF1-CED0DBFBE451}
	EndGlobalSection
EndGlobal
